
Microsoft Visual Studio Solution File, Format Version 12.00
# Visual Studio Version 17
VisualStudioVersion = 17.11.35222.181
MinimumVisualStudioVersion = 10.0.40219.1
Project("{9A19103F-16F7-4668-BE54-9A1E7A4F7556}") = "BlazorTest", "BlazorTest.csproj", "{DF47C40A-3D50-4551-BFFA-03D54621CACF}"
EndProject
Global
	GlobalSection(SolutionConfigurationPlatforms) = preSolution
		Debug|Any CPU = Debug|Any CPU
		Release|Any CPU = Release|Any CPU
	EndGlobalSection
	GlobalSection(ProjectConfigurationPlatforms) = postSolution
		{DF47C40A-3D50-4551-BFFA-03D54621CACF}.Debug|Any CPU.ActiveCfg = Debug|Any CPU
		{DF47C40A-3D50-4551-BFFA-03D54621CACF}.Debug|Any CPU.Build.0 = Debug|Any CPU
		{DF47C40A-3D50-4551-BFFA-03D54621CACF}.Release|Any CPU.ActiveCfg = Release|Any CPU
		{DF47C40A-3D50-4551-BFFA-03D54621CACF}.Release|Any CPU.Build.0 = Release|Any CPU
	EndGlobalSection
	GlobalSection(SolutionProperties) = preSolution
		HideSolutionNode = FALSE
	EndGlobalSection
	GlobalSection(ExtensibilityGlobals) = postSolution
		SolutionGuid = {245A74F0-5778-4212-8E55-41769E5DFF82}
	EndGlobalSection
EndGlobal
